<?xml version="1.0" encoding="utf-8"?>
<Project ToolsVersion="4.0" xmlns="http://schemas.microsoft.com/developer/msbuild/2003">
  <ItemGroup>
    <ClCompile Include="Render\Camera.cpp">
      <Filter>Render</Filter>
    </ClCompile>
    <ClCompile Include="Render\Render.cpp">
      <Filter>Render</Filter>
    </ClCompile>
    <ClCompile Include="RenderUtils.cpp" />
    <ClCompile Include="main.cpp" />
    <ClCompile Include="callbacks.cpp" />
    <ClCompile Include="Particles\Utils\BoundingBox.cpp" />
    <ClCompile Include="Particles\Utils\Gun.cpp" />
    <ClCompile Include="Particles\Entities\Firework.cpp" />
    <ClCompile Include="Particles\Entities\Particle.cpp" />
    <ClCompile Include="Particles\Entities\Projectile.cpp" />
    <ClCompile Include="Particles\Systems\FireworkSystem.cpp" />
    <ClCompile Include="Particles\Systems\ParticleSystem.cpp" />
    <ClCompile Include="Particles\Systems\PruebasSystem.cpp" />
    <ClCompile Include="Particles\Generators\GaussianParticleGenerator.cpp" />
    <ClCompile Include="Particles\Generators\ParticleGenerator.cpp" />
    <ClCompile Include="Particles\Generators\UniformParticleGenerator.cpp" />
    <ClCompile Include="Particles\ForceGenerators\AnchoredSpringFG.cpp" />
    <ClCompile Include="Particles\ForceGenerators\ExplosionGenerator.cpp" />
    <ClCompile Include="Particles\ForceGenerators\ForceGenerator.cpp" />
    <ClCompile Include="Particles\ForceGenerators\GravityForceGenerator.cpp" />
    <ClCompile Include="Particles\ForceGenerators\ParticleDragGenerator.cpp" />
    <ClCompile Include="Particles\ForceGenerators\ParticleForceRegistry.cpp" />
    <ClCompile Include="Particles\ForceGenerators\SpringForceGenerator.cpp" />
    <ClCompile Include="Particles\ForceGenerators\WhirlWindGenerator.cpp" />
    <ClCompile Include="Particles\Systems\SpringsSystem.cpp" />
    <ClCompile Include="Particles\ForceGenerators\ElasticBandForceGenerator.cpp" />
    <ClCompile Include="Particles\ForceGenerators\BuoyancyForceGenerator.cpp" />
    <ClCompile Include="Particles\Entities\Entity.cpp" />
    <ClCompile Include="Particles\Entities\RigidSolid.cpp" />
    <ClCompile Include="Particles\Systems\RigidSolidSystem.cpp" />
  </ItemGroup>
  <ItemGroup>
    <ClInclude Include="core.hpp" />
    <ClInclude Include="Render\Camera.h">
      <Filter>Render</Filter>
    </ClInclude>
    <ClInclude Include="Render\Render.h">
      <Filter>Render</Filter>
    </ClInclude>
    <ClInclude Include="RenderUtils.hpp" />
    <ClInclude Include="callbacks.hpp" />
    <ClInclude Include="Particles\Utils\BoundingBox.h" />
    <ClInclude Include="Particles\Utils\Gun.h" />
    <ClInclude Include="Particles\Entities\Firework.h" />
    <ClInclude Include="Particles\Entities\Particle.h" />
    <ClInclude Include="Particles\Entities\Projectile.h" />
    <ClInclude Include="Particles\Systems\FireworkSystem.h" />
    <ClInclude Include="Particles\Systems\ParticleSystem.h" />
    <ClInclude Include="Particles\Systems\PruebasSystem.h" />
    <ClInclude Include="Particles\Generators\GaussianParticleGenerator.h" />
    <ClInclude Include="Particles\Generators\ParticleGenerator.h" />
    <ClInclude Include="Particles\Generators\UniformParticleGenerator.h" />
    <ClInclude Include="Particles\ForceGenerators\AnchoredSpringFG.h" />
    <ClInclude Include="Particles\ForceGenerators\ExplosionGenerator.h" />
    <ClInclude Include="Particles\ForceGenerators\ForceGenerator.h" />
    <ClInclude Include="Particles\ForceGenerators\GravityForceGenerator.h" />
    <ClInclude Include="Particles\ForceGenerators\ParticleDragGenerator.h" />
    <ClInclude Include="Particles\ForceGenerators\ParticleForceRegistry.h" />
    <ClInclude Include="Particles\ForceGenerators\SpringForceGenerator.h" />
    <ClInclude Include="Particles\ForceGenerators\WhirlWindGenerator.h" />
    <ClInclude Include="Particles\Systems\SpringsSystem.h" />
    <ClInclude Include="Particles\ForceGenerators\DirectionalForce.h" />
    <ClInclude Include="Particles\ForceGenerators\ElasticBandForceGenerator.h" />
    <ClInclude Include="Particles\ForceGenerators\BuoyancyForceGenerator.h" />
    <ClInclude Include="Particles\Entities\Entity.h" />
    <ClInclude Include="Particles\Entities\RigidSolid.h" />
    <ClInclude Include="Particles\Systems\RigidSolidSystem.h" />
  </ItemGroup>
  <ItemGroup>
    <Filter Include="Render">
      <UniqueIdentifier>{d04b4f9f-5a69-465e-8070-25c6d0bcd3c2}</UniqueIdentifier>
    </Filter>
  </ItemGroup>
</Project>